
Microsoft Visual Studio Solution File, Format Version 12.00
# Visual Studio Version 17
VisualStudioVersion = 17.5.002.0
MinimumVisualStudioVersion = 10.0.40219.1
Project("{9A19103F-16F7-4668-BE54-9A1E7A4F7556}") = "WebStar", "WebStar.csproj", "{E478594A-65D5-43AD-8414-5C72E55142F1}"
EndProject
Global
	GlobalSection(SolutionConfigurationPlatforms) = preSolution
		Debug|Any CPU = Debug|Any CPU
		Release|Any CPU = Release|Any CPU
	EndGlobalSection
	GlobalSection(ProjectConfigurationPlatforms) = postSolution
		{E478594A-65D5-43AD-8414-5C72E55142F1}.Debug|Any CPU.ActiveCfg = Debug|Any CPU
		{E478594A-65D5-43AD-8414-5C72E55142F1}.Debug|Any CPU.Build.0 = Debug|Any CPU
		{E478594A-65D5-43AD-8414-5C72E55142F1}.Release|Any CPU.ActiveCfg = Release|Any CPU
		{E478594A-65D5-43AD-8414-5C72E55142F1}.Release|Any CPU.Build.0 = Release|Any CPU
	EndGlobalSection
	GlobalSection(SolutionProperties) = preSolution
		HideSolutionNode = FALSE
	EndGlobalSection
	GlobalSection(ExtensibilityGlobals) = postSolution
		SolutionGuid = {F0B23920-F70F-47E4-8D27-B1C215C90A5D}
	EndGlobalSection
EndGlobal
